
Microsoft Visual Studio Solution File, Format Version 12.00
# Visual Studio Version 17
VisualStudioVersion = 17.5.33516.290
MinimumVisualStudioVersion = 10.0.40219.1
Project("{FAE04EC0-301F-11D3-BF4B-00C04F79EFBC}") = "WorkerListSaFiles", "WorkerListSaFiles.csproj", "{F228872E-E3C5-4387-9325-8EFF1C9E2631}"
EndProject
Global
	GlobalSection(SolutionConfigurationPlatforms) = preSolution
		Debug|Any CPU = Debug|Any CPU
		Release|Any CPU = Release|Any CPU
	EndGlobalSection
	GlobalSection(ProjectConfigurationPlatforms) = postSolution
		{F228872E-E3C5-4387-9325-8EFF1C9E2631}.Debug|Any CPU.ActiveCfg = Debug|Any CPU
		{F228872E-E3C5-4387-9325-8EFF1C9E2631}.Debug|Any CPU.Build.0 = Debug|Any CPU
		{F228872E-E3C5-4387-9325-8EFF1C9E2631}.Release|Any CPU.ActiveCfg = Release|Any CPU
		{F228872E-E3C5-4387-9325-8EFF1C9E2631}.Release|Any CPU.Build.0 = Release|Any CPU
	EndGlobalSection
	GlobalSection(SolutionProperties) = preSolution
		HideSolutionNode = FALSE
	EndGlobalSection
	GlobalSection(ExtensibilityGlobals) = postSolution
		SolutionGuid = {F07D81AD-6EA3-45F2-A30B-1F916939A04D}
	EndGlobalSection
EndGlobal
